// !$*UTF8*$!
{
	archiveVersion = 1;
	classes = {
	};
	objectVersion = 46;
	objects = {

/* Begin PBXBuildFile section */
		F30646511C6135E600E2A1F6 /* main.m in Sources */ = {isa = PBXBuildFile; fileRef = F30646501C6135E600E2A1F6 /* main.m */; };
		F30646541C6135E600E2A1F6 /* AppDelegate.m in Sources */ = {isa = PBXBuildFile; fileRef = F30646531C6135E600E2A1F6 /* AppDelegate.m */; };
		F30646571C6135E600E2A1F6 /* MainScreenViewController.m in Sources */ = {isa = PBXBuildFile; fileRef = F30646561C6135E600E2A1F6 /* MainScreenViewController.m */; };
		F306465A1C6135E600E2A1F6 /* Main.storyboard in Resources */ = {isa = PBXBuildFile; fileRef = F30646581C6135E600E2A1F6 /* Main.storyboard */; };
		F306465C1C6135E600E2A1F6 /* Assets.xcassets in Resources */ = {isa = PBXBuildFile; fileRef = F306465B1C6135E600E2A1F6 /* Assets.xcassets */; };
		F306465F1C6135E600E2A1F6 /* LaunchScreen.storyboard in Resources */ = {isa = PBXBuildFile; fileRef = F306465D1C6135E600E2A1F6 /* LaunchScreen.storyboard */; };
		F30646711C6254D900E2A1F6 /* QuizListTableViewController.m in Sources */ = {isa = PBXBuildFile; fileRef = F30646701C6254D900E2A1F6 /* QuizListTableViewController.m */; };
		F30646741C62965B00E2A1F6 /* ResultsTableViewController.m in Sources */ = {isa = PBXBuildFile; fileRef = F30646731C62965B00E2A1F6 /* ResultsTableViewController.m */; };
		F30646781C6369E900E2A1F6 /* CoreData.framework in Frameworks */ = {isa = PBXBuildFile; fileRef = F30646771C6369E900E2A1F6 /* CoreData.framework */; };
		F306467B1C639B2500E2A1F6 /* ChallengesTableViewController.m in Sources */ = {isa = PBXBuildFile; fileRef = F306467A1C639B2500E2A1F6 /* ChallengesTableViewController.m */; };
		F306467E1C63A18000E2A1F6 /* QuizTableViewController.m in Sources */ = {isa = PBXBuildFile; fileRef = F306467D1C63A18000E2A1F6 /* QuizTableViewController.m */; };
		F3E659ED1C64B540002AD58C /* Quiz.m in Sources */ = {isa = PBXBuildFile; fileRef = F3E659EC1C64B540002AD58C /* Quiz.m */; };
		F3E659F01C64BA1F002AD58C /* Question.m in Sources */ = {isa = PBXBuildFile; fileRef = F3E659EF1C64BA1F002AD58C /* Question.m */; };
		F3E659F31C64BBCB002AD58C /* Answer.m in Sources */ = {isa = PBXBuildFile; fileRef = F3E659F21C64BBCB002AD58C /* Answer.m */; };
		F3E659F61C6560AB002AD58C /* QuizDoneViewController.m in Sources */ = {isa = PBXBuildFile; fileRef = F3E659F51C6560AB002AD58C /* QuizDoneViewController.m */; };
		F3E659FB1C65AF1D002AD58C /* QuestionTableViewCell.m in Sources */ = {isa = PBXBuildFile; fileRef = F3E659F91C65AF1D002AD58C /* QuestionTableViewCell.m */; };
		F3E659FC1C65AF1D002AD58C /* QuestionTableViewCell.xib in Resources */ = {isa = PBXBuildFile; fileRef = F3E659FA1C65AF1D002AD58C /* QuestionTableViewCell.xib */; };
		F3E65A001C65BC85002AD58C /* AnswerTableViewCell.m in Sources */ = {isa = PBXBuildFile; fileRef = F3E659FE1C65BC85002AD58C /* AnswerTableViewCell.m */; };
		F3E65A011C65BC85002AD58C /* AnswerTableViewCell.xib in Resources */ = {isa = PBXBuildFile; fileRef = F3E659FF1C65BC85002AD58C /* AnswerTableViewCell.xib */; };
		F3E65A051C66B066002AD58C /* HttpData.m in Sources */ = {isa = PBXBuildFile; fileRef = F3E65A041C66B066002AD58C /* HttpData.m */; };
		F3E65A081C66BE0A002AD58C /* Challenge.m in Sources */ = {isa = PBXBuildFile; fileRef = F3E65A071C66BE0A002AD58C /* Challenge.m */; };
		F3E65A0B1C66F91C002AD58C /* Contact.m in Sources */ = {isa = PBXBuildFile; fileRef = F3E65A0A1C66F91C002AD58C /* Contact.m */; };
		F3E65A0E1C67DAAC002AD58C /* LocalData.m in Sources */ = {isa = PBXBuildFile; fileRef = F3E65A0D1C67DAAC002AD58C /* LocalData.m */; };
		F3E65A161C68220E002AD58C /* list.json in Resources */ = {isa = PBXBuildFile; fileRef = F3E65A151C68220E002AD58C /* list.json */; };
		F3E65A191C682B39002AD58C /* QuizHeader.m in Sources */ = {isa = PBXBuildFile; fileRef = F3E65A181C682B39002AD58C /* QuizHeader.m */; };
		F3E65A1C1C685CB4002AD58C /* ChallengeInfoViewController.m in Sources */ = {isa = PBXBuildFile; fileRef = F3E65A1B1C685CB4002AD58C /* ChallengeInfoViewController.m */; };
/* End PBXBuildFile section */

/* Begin PBXFileReference section */
		F306464C1C6135E600E2A1F6 /* iCY.app */ = {isa = PBXFileReference; explicitFileType = wrapper.application; includeInIndex = 0; path = iCY.app; sourceTree = BUILT_PRODUCTS_DIR; };
		F30646501C6135E600E2A1F6 /* main.m */ = {isa = PBXFileReference; lastKnownFileType = sourcecode.c.objc; path = main.m; sourceTree = "<group>"; };
		F30646521C6135E600E2A1F6 /* AppDelegate.h */ = {isa = PBXFileReference; lastKnownFileType = sourcecode.c.h; path = AppDelegate.h; sourceTree = "<group>"; };
		F30646531C6135E600E2A1F6 /* AppDelegate.m */ = {isa = PBXFileReference; lastKnownFileType = sourcecode.c.objc; path = AppDelegate.m; sourceTree = "<group>"; };
		F30646551C6135E600E2A1F6 /* MainScreenViewController.h */ = {isa = PBXFileReference; lastKnownFileType = sourcecode.c.h; path = MainScreenViewController.h; sourceTree = "<group>"; };
		F30646561C6135E600E2A1F6 /* MainScreenViewController.m */ = {isa = PBXFileReference; lastKnownFileType = sourcecode.c.objc; path = MainScreenViewController.m; sourceTree = "<group>"; };
		F30646591C6135E600E2A1F6 /* Base */ = {isa = PBXFileReference; lastKnownFileType = file.storyboard; name = Base; path = Base.lproj/Main.storyboard; sourceTree = "<group>"; };
		F306465B1C6135E600E2A1F6 /* Assets.xcassets */ = {isa = PBXFileReference; lastKnownFileType = folder.assetcatalog; path = Assets.xcassets; sourceTree = "<group>"; };
		F306465E1C6135E600E2A1F6 /* Base */ = {isa = PBXFileReference; lastKnownFileType = file.storyboard; name = Base; path = Base.lproj/LaunchScreen.storyboard; sourceTree = "<group>"; };
		F30646601C6135E600E2A1F6 /* Info.plist */ = {isa = PBXFileReference; lastKnownFileType = text.plist.xml; path = Info.plist; sourceTree = "<group>"; };
		F306466F1C6254D900E2A1F6 /* QuizListTableViewController.h */ = {isa = PBXFileReference; fileEncoding = 4; lastKnownFileType = sourcecode.c.h; path = QuizListTableViewController.h; sourceTree = "<group>"; };
		F30646701C6254D900E2A1F6 /* QuizListTableViewController.m */ = {isa = PBXFileReference; fileEncoding = 4; lastKnownFileType = sourcecode.c.objc; path = QuizListTableViewController.m; sourceTree = "<group>"; };
		F30646721C62965B00E2A1F6 /* ResultsTableViewController.h */ = {isa = PBXFileReference; fileEncoding = 4; lastKnownFileType = sourcecode.c.h; path = ResultsTableViewController.h; sourceTree = "<group>"; };
		F30646731C62965B00E2A1F6 /* ResultsTableViewController.m */ = {isa = PBXFileReference; fileEncoding = 4; lastKnownFileType = sourcecode.c.objc; path = ResultsTableViewController.m; sourceTree = "<group>"; };
		F30646771C6369E900E2A1F6 /* CoreData.framework */ = {isa = PBXFileReference; lastKnownFileType = wrapper.framework; name = CoreData.framework; path = System/Library/Frameworks/CoreData.framework; sourceTree = SDKROOT; };
		F30646791C639B2500E2A1F6 /* ChallengesTableViewController.h */ = {isa = PBXFileReference; fileEncoding = 4; lastKnownFileType = sourcecode.c.h; path = ChallengesTableViewController.h; sourceTree = "<group>"; };
		F306467A1C639B2500E2A1F6 /* ChallengesTableViewController.m */ = {isa = PBXFileReference; fileEncoding = 4; lastKnownFileType = sourcecode.c.objc; path = ChallengesTableViewController.m; sourceTree = "<group>"; };
		F306467C1C63A18000E2A1F6 /* QuizTableViewController.h */ = {isa = PBXFileReference; fileEncoding = 4; lastKnownFileType = sourcecode.c.h; path = QuizTableViewController.h; sourceTree = "<group>"; };
		F306467D1C63A18000E2A1F6 /* QuizTableViewController.m */ = {isa = PBXFileReference; fileEncoding = 4; lastKnownFileType = sourcecode.c.objc; path = QuizTableViewController.m; sourceTree = "<group>"; };
		F30646801C647E9100E2A1F6 /* iCY-Bridging-Header.h */ = {isa = PBXFileReference; lastKnownFileType = sourcecode.c.h; path = "iCY-Bridging-Header.h"; sourceTree = "<group>"; };
		F3E659EB1C64B540002AD58C /* Quiz.h */ = {isa = PBXFileReference; fileEncoding = 4; lastKnownFileType = sourcecode.c.h; path = Quiz.h; sourceTree = "<group>"; };
		F3E659EC1C64B540002AD58C /* Quiz.m */ = {isa = PBXFileReference; fileEncoding = 4; lastKnownFileType = sourcecode.c.objc; path = Quiz.m; sourceTree = "<group>"; };
		F3E659EE1C64BA1F002AD58C /* Question.h */ = {isa = PBXFileReference; fileEncoding = 4; lastKnownFileType = sourcecode.c.h; path = Question.h; sourceTree = "<group>"; };
		F3E659EF1C64BA1F002AD58C /* Question.m */ = {isa = PBXFileReference; fileEncoding = 4; lastKnownFileType = sourcecode.c.objc; path = Question.m; sourceTree = "<group>"; };
		F3E659F11C64BBCB002AD58C /* Answer.h */ = {isa = PBXFileReference; fileEncoding = 4; lastKnownFileType = sourcecode.c.h; path = Answer.h; sourceTree = "<group>"; };
		F3E659F21C64BBCB002AD58C /* Answer.m */ = {isa = PBXFileReference; fileEncoding = 4; lastKnownFileType = sourcecode.c.objc; path = Answer.m; sourceTree = "<group>"; };
		F3E659F41C6560AB002AD58C /* QuizDoneViewController.h */ = {isa = PBXFileReference; fileEncoding = 4; lastKnownFileType = sourcecode.c.h; path = QuizDoneViewController.h; sourceTree = "<group>"; };
		F3E659F51C6560AB002AD58C /* QuizDoneViewController.m */ = {isa = PBXFileReference; fileEncoding = 4; lastKnownFileType = sourcecode.c.objc; path = QuizDoneViewController.m; sourceTree = "<group>"; };
		F3E659F81C65AF1D002AD58C /* QuestionTableViewCell.h */ = {isa = PBXFileReference; fileEncoding = 4; lastKnownFileType = sourcecode.c.h; path = QuestionTableViewCell.h; sourceTree = "<group>"; };
		F3E659F91C65AF1D002AD58C /* QuestionTableViewCell.m */ = {isa = PBXFileReference; fileEncoding = 4; lastKnownFileType = sourcecode.c.objc; path = QuestionTableViewCell.m; sourceTree = "<group>"; };
		F3E659FA1C65AF1D002AD58C /* QuestionTableViewCell.xib */ = {isa = PBXFileReference; fileEncoding = 4; lastKnownFileType = file.xib; path = QuestionTableViewCell.xib; sourceTree = "<group>"; };
		F3E659FD1C65BC85002AD58C /* AnswerTableViewCell.h */ = {isa = PBXFileReference; fileEncoding = 4; lastKnownFileType = sourcecode.c.h; path = AnswerTableViewCell.h; sourceTree = "<group>"; };
		F3E659FE1C65BC85002AD58C /* AnswerTableViewCell.m */ = {isa = PBXFileReference; fileEncoding = 4; lastKnownFileType = sourcecode.c.objc; path = AnswerTableViewCell.m; sourceTree = "<group>"; };
		F3E659FF1C65BC85002AD58C /* AnswerTableViewCell.xib */ = {isa = PBXFileReference; fileEncoding = 4; lastKnownFileType = file.xib; path = AnswerTableViewCell.xib; sourceTree = "<group>"; };
		F3E65A031C66B066002AD58C /* HttpData.h */ = {isa = PBXFileReference; fileEncoding = 4; lastKnownFileType = sourcecode.c.h; path = HttpData.h; sourceTree = "<group>"; };
		F3E65A041C66B066002AD58C /* HttpData.m */ = {isa = PBXFileReference; fileEncoding = 4; lastKnownFileType = sourcecode.c.objc; path = HttpData.m; sourceTree = "<group>"; };
		F3E65A061C66BE0A002AD58C /* Challenge.h */ = {isa = PBXFileReference; fileEncoding = 4; lastKnownFileType = sourcecode.c.h; path = Challenge.h; sourceTree = "<group>"; };
		F3E65A071C66BE0A002AD58C /* Challenge.m */ = {isa = PBXFileReference; fileEncoding = 4; lastKnownFileType = sourcecode.c.objc; path = Challenge.m; sourceTree = "<group>"; };
		F3E65A091C66F91C002AD58C /* Contact.h */ = {isa = PBXFileReference; fileEncoding = 4; lastKnownFileType = sourcecode.c.h; path = Contact.h; sourceTree = "<group>"; };
		F3E65A0A1C66F91C002AD58C /* Contact.m */ = {isa = PBXFileReference; fileEncoding = 4; lastKnownFileType = sourcecode.c.objc; path = Contact.m; sourceTree = "<group>"; };
		F3E65A0C1C67DAAB002AD58C /* LocalData.h */ = {isa = PBXFileReference; fileEncoding = 4; lastKnownFileType = sourcecode.c.h; path = LocalData.h; sourceTree = "<group>"; };
		F3E65A0D1C67DAAC002AD58C /* LocalData.m */ = {isa = PBXFileReference; fileEncoding = 4; lastKnownFileType = sourcecode.c.objc; path = LocalData.m; sourceTree = "<group>"; };
		F3E65A151C68220E002AD58C /* list.json */ = {isa = PBXFileReference; lastKnownFileType = text.json; name = list.json; path = iCY/quizzes/list.json; sourceTree = "<group>"; };
		F3E65A171C682B39002AD58C /* QuizHeader.h */ = {isa = PBXFileReference; fileEncoding = 4; lastKnownFileType = sourcecode.c.h; path = QuizHeader.h; sourceTree = "<group>"; };
		F3E65A181C682B39002AD58C /* QuizHeader.m */ = {isa = PBXFileReference; fileEncoding = 4; lastKnownFileType = sourcecode.c.objc; path = QuizHeader.m; sourceTree = "<group>"; };
		F3E65A1A1C685CB4002AD58C /* ChallengeInfoViewController.h */ = {isa = PBXFileReference; fileEncoding = 4; lastKnownFileType = sourcecode.c.h; path = ChallengeInfoViewController.h; sourceTree = "<group>"; };
		F3E65A1B1C685CB4002AD58C /* ChallengeInfoViewController.m */ = {isa = PBXFileReference; fileEncoding = 4; lastKnownFileType = sourcecode.c.objc; path = ChallengeInfoViewController.m; sourceTree = "<group>"; };
/* End PBXFileReference section */

/* Begin PBXFrameworksBuildPhase section */
		F30646491C6135E600E2A1F6 /* Frameworks */ = {
			isa = PBXFrameworksBuildPhase;
			buildActionMask = 2147483647;
			files = (
				F30646781C6369E900E2A1F6 /* CoreData.framework in Frameworks */,
			);
			runOnlyForDeploymentPostprocessing = 0;
		};
/* End PBXFrameworksBuildPhase section */

/* Begin PBXGroup section */
		F30646431C6135E600E2A1F6 = {
			isa = PBXGroup;
			children = (
				F3E65A151C68220E002AD58C /* list.json */,
				F30646771C6369E900E2A1F6 /* CoreData.framework */,
				F306464E1C6135E600E2A1F6 /* iCY */,
				F306464D1C6135E600E2A1F6 /* Products */,
			);
			sourceTree = "<group>";
		};
		F306464D1C6135E600E2A1F6 /* Products */ = {
			isa = PBXGroup;
			children = (
				F306464C1C6135E600E2A1F6 /* iCY.app */,
			);
			name = Products;
			sourceTree = "<group>";
		};
		F306464E1C6135E600E2A1F6 /* iCY */ = {
			isa = PBXGroup;
			children = (
				F3E65A021C66B039002AD58C /* Data */,
				F3E659F71C65AECC002AD58C /* Views */,
				F306467F1C647E0F00E2A1F6 /* Models */,
				F306466E1C62497A00E2A1F6 /* ViewControllers */,
				F30646521C6135E600E2A1F6 /* AppDelegate.h */,
				F30646531C6135E600E2A1F6 /* AppDelegate.m */,
				F30646581C6135E600E2A1F6 /* Main.storyboard */,
				F306465B1C6135E600E2A1F6 /* Assets.xcassets */,
				F306465D1C6135E600E2A1F6 /* LaunchScreen.storyboard */,
				F30646601C6135E600E2A1F6 /* Info.plist */,
				F306464F1C6135E600E2A1F6 /* Supporting Files */,
			);
			path = iCY;
			sourceTree = "<group>";
		};
		F306464F1C6135E600E2A1F6 /* Supporting Files */ = {
			isa = PBXGroup;
			children = (
				F30646501C6135E600E2A1F6 /* main.m */,
			);
			name = "Supporting Files";
			sourceTree = "<group>";
		};
		F306466E1C62497A00E2A1F6 /* ViewControllers */ = {
			isa = PBXGroup;
			children = (
				F30646551C6135E600E2A1F6 /* MainScreenViewController.h */,
				F30646561C6135E600E2A1F6 /* MainScreenViewController.m */,
				F306466F1C6254D900E2A1F6 /* QuizListTableViewController.h */,
				F30646701C6254D900E2A1F6 /* QuizListTableViewController.m */,
				F30646721C62965B00E2A1F6 /* ResultsTableViewController.h */,
				F30646731C62965B00E2A1F6 /* ResultsTableViewController.m */,
				F30646791C639B2500E2A1F6 /* ChallengesTableViewController.h */,
				F306467A1C639B2500E2A1F6 /* ChallengesTableViewController.m */,
				F306467C1C63A18000E2A1F6 /* QuizTableViewController.h */,
				F306467D1C63A18000E2A1F6 /* QuizTableViewController.m */,
				F3E659F41C6560AB002AD58C /* QuizDoneViewController.h */,
				F3E659F51C6560AB002AD58C /* QuizDoneViewController.m */,
				F3E65A1A1C685CB4002AD58C /* ChallengeInfoViewController.h */,
				F3E65A1B1C685CB4002AD58C /* ChallengeInfoViewController.m */,
			);
			name = ViewControllers;
			sourceTree = "<group>";
		};
		F306467F1C647E0F00E2A1F6 /* Models */ = {
			isa = PBXGroup;
			children = (
				F30646801C647E9100E2A1F6 /* iCY-Bridging-Header.h */,
				F3E659EB1C64B540002AD58C /* Quiz.h */,
				F3E659EC1C64B540002AD58C /* Quiz.m */,
				F3E659EE1C64BA1F002AD58C /* Question.h */,
				F3E659EF1C64BA1F002AD58C /* Question.m */,
				F3E659F11C64BBCB002AD58C /* Answer.h */,
				F3E659F21C64BBCB002AD58C /* Answer.m */,
				F3E65A061C66BE0A002AD58C /* Challenge.h */,
				F3E65A071C66BE0A002AD58C /* Challenge.m */,
				F3E65A171C682B39002AD58C /* QuizHeader.h */,
				F3E65A181C682B39002AD58C /* QuizHeader.m */,
			);
			name = Models;
			sourceTree = "<group>";
		};
		F3E659F71C65AECC002AD58C /* Views */ = {
			isa = PBXGroup;
			children = (
				F3E659F81C65AF1D002AD58C /* QuestionTableViewCell.h */,
				F3E659F91C65AF1D002AD58C /* QuestionTableViewCell.m */,
				F3E659FA1C65AF1D002AD58C /* QuestionTableViewCell.xib */,
				F3E659FD1C65BC85002AD58C /* AnswerTableViewCell.h */,
				F3E659FE1C65BC85002AD58C /* AnswerTableViewCell.m */,
				F3E659FF1C65BC85002AD58C /* AnswerTableViewCell.xib */,
			);
			name = Views;
			sourceTree = "<group>";
		};
		F3E65A021C66B039002AD58C /* Data */ = {
			isa = PBXGroup;
			children = (
				F3E65A031C66B066002AD58C /* HttpData.h */,
				F3E65A041C66B066002AD58C /* HttpData.m */,
				F3E65A091C66F91C002AD58C /* Contact.h */,
				F3E65A0A1C66F91C002AD58C /* Contact.m */,
				F3E65A0C1C67DAAB002AD58C /* LocalData.h */,
				F3E65A0D1C67DAAC002AD58C /* LocalData.m */,
			);
			name = Data;
			sourceTree = "<group>";
		};
/* End PBXGroup section */

/* Begin PBXNativeTarget section */
		F306464B1C6135E600E2A1F6 /* iCY */ = {
			isa = PBXNativeTarget;
			buildConfigurationList = F30646631C6135E600E2A1F6 /* Build configuration list for PBXNativeTarget "iCY" */;
			buildPhases = (
				F30646481C6135E600E2A1F6 /* Sources */,
				F30646491C6135E600E2A1F6 /* Frameworks */,
				F306464A1C6135E600E2A1F6 /* Resources */,
			);
			buildRules = (
			);
			dependencies = (
			);
			name = iCY;
			productName = iCY;
			productReference = F306464C1C6135E600E2A1F6 /* iCY.app */;
			productType = "com.apple.product-type.application";
		};
/* End PBXNativeTarget section */

/* Begin PBXProject section */
		F30646441C6135E600E2A1F6 /* Project object */ = {
			isa = PBXProject;
			attributes = {
				LastUpgradeCheck = 0720;
				ORGANIZATIONNAME = "My Name";
				TargetAttributes = {
					F306464B1C6135E600E2A1F6 = {
						CreatedOnToolsVersion = 7.2;
					};
				};
			};
			buildConfigurationList = F30646471C6135E600E2A1F6 /* Build configuration list for PBXProject "iCY" */;
			compatibilityVersion = "Xcode 3.2";
			developmentRegion = English;
			hasScannedForEncodings = 0;
			knownRegions = (
				en,
				Base,
			);
			mainGroup = F30646431C6135E600E2A1F6;
			productRefGroup = F306464D1C6135E600E2A1F6 /* Products */;
			projectDirPath = "";
			projectRoot = "";
			targets = (
				F306464B1C6135E600E2A1F6 /* iCY */,
			);
		};
/* End PBXProject section */

/* Begin PBXResourcesBuildPhase section */
		F306464A1C6135E600E2A1F6 /* Resources */ = {
			isa = PBXResourcesBuildPhase;
			buildActionMask = 2147483647;
			files = (
				F3E65A161C68220E002AD58C /* list.json in Resources */,
				F306465F1C6135E600E2A1F6 /* LaunchScreen.storyboard in Resources */,
				F3E659FC1C65AF1D002AD58C /* QuestionTableViewCell.xib in Resources */,
				F3E65A011C65BC85002AD58C /* AnswerTableViewCell.xib in Resources */,
				F306465C1C6135E600E2A1F6 /* Assets.xcassets in Resources */,
				F306465A1C6135E600E2A1F6 /* Main.storyboard in Resources */,
			);
			runOnlyForDeploymentPostprocessing = 0;
		};
/* End PBXResourcesBuildPhase section */

/* Begin PBXSourcesBuildPhase section */
		F30646481C6135E600E2A1F6 /* Sources */ = {
			isa = PBXSourcesBuildPhase;
			buildActionMask = 2147483647;
			files = (
				F3E65A0B1C66F91C002AD58C /* Contact.m in Sources */,
				F30646571C6135E600E2A1F6 /* MainScreenViewController.m in Sources */,
				F3E659FB1C65AF1D002AD58C /* QuestionTableViewCell.m in Sources */,
				F3E65A0E1C67DAAC002AD58C /* LocalData.m in Sources */,
				F3E659F01C64BA1F002AD58C /* Question.m in Sources */,
				F306467B1C639B2500E2A1F6 /* ChallengesTableViewController.m in Sources */,
				F3E659ED1C64B540002AD58C /* Quiz.m in Sources */,
				F30646541C6135E600E2A1F6 /* AppDelegate.m in Sources */,
				F30646511C6135E600E2A1F6 /* main.m in Sources */,
				F3E65A191C682B39002AD58C /* QuizHeader.m in Sources */,
				F3E65A001C65BC85002AD58C /* AnswerTableViewCell.m in Sources */,
				F3E65A081C66BE0A002AD58C /* Challenge.m in Sources */,
				F30646711C6254D900E2A1F6 /* QuizListTableViewController.m in Sources */,
				F3E65A051C66B066002AD58C /* HttpData.m in Sources */,
				F3E65A1C1C685CB4002AD58C /* ChallengeInfoViewController.m in Sources */,
				F3E659F61C6560AB002AD58C /* QuizDoneViewController.m in Sources */,
				F30646741C62965B00E2A1F6 /* ResultsTableViewController.m in Sources */,
				F306467E1C63A18000E2A1F6 /* QuizTableViewController.m in Sources */,
				F3E659F31C64BBCB002AD58C /* Answer.m in Sources */,
			);
			runOnlyForDeploymentPostprocessing = 0;
		};
/* End PBXSourcesBuildPhase section */

/* Begin PBXVariantGroup section */
		F30646581C6135E600E2A1F6 /* Main.storyboard */ = {
			isa = PBXVariantGroup;
			children = (
				F30646591C6135E600E2A1F6 /* Base */,
			);
			name = Main.storyboard;
			sourceTree = "<group>";
		};
		F306465D1C6135E600E2A1F6 /* LaunchScreen.storyboard */ = {
			isa = PBXVariantGroup;
			children = (
				F306465E1C6135E600E2A1F6 /* Base */,
			);
			name = LaunchScreen.storyboard;
			sourceTree = "<group>";
		};
/* End PBXVariantGroup section */

/* Begin XCBuildConfiguration section */
		F30646611C6135E600E2A1F6 /* Debug */ = {
			isa = XCBuildConfiguration;
			buildSettings = {
				ALWAYS_SEARCH_USER_PATHS = NO;
				CLANG_CXX_LANGUAGE_STANDARD = "gnu++0x";
				CLANG_CXX_LIBRARY = "libc++";
				CLANG_ENABLE_MODULES = YES;
				CLANG_ENABLE_OBJC_ARC = YES;
				CLANG_WARN_BOOL_CONVERSION = YES;
				CLANG_WARN_CONSTANT_CONVERSION = YES;
				CLANG_WARN_DIRECT_OBJC_ISA_USAGE = YES_ERROR;
				CLANG_WARN_EMPTY_BODY = YES;
				CLANG_WARN_ENUM_CONVERSION = YES;
				CLANG_WARN_INT_CONVERSION = YES;
				CLANG_WARN_OBJC_ROOT_CLASS = YES_ERROR;
				CLANG_WARN_UNREACHABLE_CODE = YES;
				CLANG_WARN__DUPLICATE_METHOD_MATCH = YES;
				"CODE_SIGN_IDENTITY[sdk=iphoneos*]" = "iPhone Developer";
				COPY_PHASE_STRIP = NO;
				DEBUG_INFORMATION_FORMAT = dwarf;
				DEFINES_MODULE = YES;
				EMBEDDED_CONTENT_CONTAINS_SWIFT = YES;
				ENABLE_STRICT_OBJC_MSGSEND = YES;
				ENABLE_TESTABILITY = YES;
				GCC_C_LANGUAGE_STANDARD = gnu99;
				GCC_DYNAMIC_NO_PIC = NO;
				GCC_NO_COMMON_BLOCKS = YES;
				GCC_OPTIMIZATION_LEVEL = 0;
				GCC_PREPROCESSOR_DEFINITIONS = (
					"DEBUG=1",
					"$(inherited)",
				);
				GCC_WARN_64_TO_32_BIT_CONVERSION = YES;
				GCC_WARN_ABOUT_RETURN_TYPE = YES_ERROR;
				GCC_WARN_UNDECLARED_SELECTOR = YES;
				GCC_WARN_UNINITIALIZED_AUTOS = YES_AGGRESSIVE;
				GCC_WARN_UNUSED_FUNCTION = YES;
				GCC_WARN_UNUSED_VARIABLE = YES;
				IPHONEOS_DEPLOYMENT_TARGET = 9.2;
				MTL_ENABLE_DEBUG_INFO = YES;
				ONLY_ACTIVE_ARCH = YES;
				SDKROOT = iphoneos;
			};
			name = Debug;
		};
		F30646621C6135E600E2A1F6 /* Release */ = {
			isa = XCBuildConfiguration;
			buildSettings = {
				ALWAYS_SEARCH_USER_PATHS = NO;
				CLANG_CXX_LANGUAGE_STANDARD = "gnu++0x";
				CLANG_CXX_LIBRARY = "libc++";
				CLANG_ENABLE_MODULES = YES;
				CLANG_ENABLE_OBJC_ARC = YES;
				CLANG_WARN_BOOL_CONVERSION = YES;
				CLANG_WARN_CONSTANT_CONVERSION = YES;
				CLANG_WARN_DIRECT_OBJC_ISA_USAGE = YES_ERROR;
				CLANG_WARN_EMPTY_BODY = YES;
				CLANG_WARN_ENUM_CONVERSION = YES;
				CLANG_WARN_INT_CONVERSION = YES;
				CLANG_WARN_OBJC_ROOT_CLASS = YES_ERROR;
				CLANG_WARN_UNREACHABLE_CODE = YES;
				CLANG_WARN__DUPLICATE_METHOD_MATCH = YES;
				"CODE_SIGN_IDENTITY[sdk=iphoneos*]" = "iPhone Developer";
				COPY_PHASE_STRIP = NO;
				DEBUG_INFORMATION_FORMAT = "dwarf-with-dsym";
				DEFINES_MODULE = YES;
				EMBEDDED_CONTENT_CONTAINS_SWIFT = YES;
				ENABLE_NS_ASSERTIONS = NO;
				ENABLE_STRICT_OBJC_MSGSEND = YES;
				GCC_C_LANGUAGE_STANDARD = gnu99;
				GCC_NO_COMMON_BLOCKS = YES;
				GCC_WARN_64_TO_32_BIT_CONVERSION = YES;
				GCC_WARN_ABOUT_RETURN_TYPE = YES_ERROR;
				GCC_WARN_UNDECLARED_SELECTOR = YES;
				GCC_WARN_UNINITIALIZED_AUTOS = YES_AGGRESSIVE;
				GCC_WARN_UNUSED_FUNCTION = YES;
				GCC_WARN_UNUSED_VARIABLE = YES;
				IPHONEOS_DEPLOYMENT_TARGET = 9.2;
				MTL_ENABLE_DEBUG_INFO = NO;
				SDKROOT = iphoneos;
				VALIDATE_PRODUCT = YES;
			};
			name = Release;
		};
		F30646641C6135E600E2A1F6 /* Debug */ = {
			isa = XCBuildConfiguration;
			buildSettings = {
				ASSETCATALOG_COMPILER_APPICON_NAME = AppIcon;
				CLANG_ENABLE_MODULES = YES;
				EMBEDDED_CONTENT_CONTAINS_SWIFT = YES;
				INFOPLIST_FILE = iCY/Info.plist;
				LD_RUNPATH_SEARCH_PATHS = "$(inherited) @executable_path/Frameworks";
				PRODUCT_BUNDLE_IDENTIFIER = com.my.iCY;
				PRODUCT_NAME = "$(TARGET_NAME)";
				SWIFT_OBJC_BRIDGING_HEADER = "iCY/iCY-Bridging-Header.h";
				SWIFT_OPTIMIZATION_LEVEL = "-Onone";
			};
			name = Debug;
		};
		F30646651C6135E600E2A1F6 /* Release */ = {
			isa = XCBuildConfiguration;
			buildSettings = {
				ASSETCATALOG_COMPILER_APPICON_NAME = AppIcon;
				CLANG_ENABLE_MODULES = YES;
				EMBEDDED_CONTENT_CONTAINS_SWIFT = YES;
				INFOPLIST_FILE = iCY/Info.plist;
				LD_RUNPATH_SEARCH_PATHS = "$(inherited) @executable_path/Frameworks";
				PRODUCT_BUNDLE_IDENTIFIER = com.my.iCY;
				PRODUCT_NAME = "$(TARGET_NAME)";
				SWIFT_OBJC_BRIDGING_HEADER = "iCY/iCY-Bridging-Header.h";
			};
			name = Release;
		};
/* End XCBuildConfiguration section */

/* Begin XCConfigurationList section */
		F30646471C6135E600E2A1F6 /* Build configuration list for PBXProject "iCY" */ = {
			isa = XCConfigurationList;
			buildConfigurations = (
				F30646611C6135E600E2A1F6 /* Debug */,
				F30646621C6135E600E2A1F6 /* Release */,
			);
			defaultConfigurationIsVisible = 0;
			defaultConfigurationName = Release;
		};
		F30646631C6135E600E2A1F6 /* Build configuration list for PBXNativeTarget "iCY" */ = {
			isa = XCConfigurationList;
			buildConfigurations = (
				F30646641C6135E600E2A1F6 /* Debug */,
				F30646651C6135E600E2A1F6 /* Release */,
			);
			defaultConfigurationIsVisible = 0;
			defaultConfigurationName = Release;
		};
/* End XCConfigurationList section */
	};
	rootObject = F30646441C6135E600E2A1F6 /* Project object */;
}
